
Microsoft Visual Studio Solution File, Format Version 12.00
# Visual Studio Version 17
VisualStudioVersion = 17.13.35806.99 d17.13
MinimumVisualStudioVersion = 10.0.40219.1
Project("{FAE04EC0-301F-11D3-BF4B-00C04F79EFBC}") = "SchoolApp", "SchoolApp.csproj", "{266D8068-D260-4C1D-829D-B52F54C44AEE}"
EndProject
Global
	GlobalSection(SolutionConfigurationPlatforms) = preSolution
		Debug|Any CPU = Debug|Any CPU
		Release|Any CPU = Release|Any CPU
	EndGlobalSection
	GlobalSection(ProjectConfigurationPlatforms) = postSolution
		{266D8068-D260-4C1D-829D-B52F54C44AEE}.Debug|Any CPU.ActiveCfg = Debug|Any CPU
		{266D8068-D260-4C1D-829D-B52F54C44AEE}.Debug|Any CPU.Build.0 = Debug|Any CPU
		{266D8068-D260-4C1D-829D-B52F54C44AEE}.Release|Any CPU.ActiveCfg = Release|Any CPU
		{266D8068-D260-4C1D-829D-B52F54C44AEE}.Release|Any CPU.Build.0 = Release|Any CPU
	EndGlobalSection
	GlobalSection(SolutionProperties) = preSolution
		HideSolutionNode = FALSE
	EndGlobalSection
	GlobalSection(ExtensibilityGlobals) = postSolution
		SolutionGuid = {89DF9454-6628-440A-BA8D-67D4CE0342E0}
	EndGlobalSection
EndGlobal
